
Microsoft Visual Studio Solution File, Format Version 12.00
# Visual Studio Version 17
VisualStudioVersion = 17.4.33205.214
MinimumVisualStudioVersion = 10.0.40219.1
Project("{FAE04EC0-301F-11D3-BF4B-00C04F79EFBC}") = "JSON_Allan", "JSON_Allan\JSON_Allan.csproj", "{1EE49978-832D-4462-821B-5CDDC9349BD9}"
EndProject
Global
	GlobalSection(SolutionConfigurationPlatforms) = preSolution
		Debug|Any CPU = Debug|Any CPU
		Release|Any CPU = Release|Any CPU
	EndGlobalSection
	GlobalSection(ProjectConfigurationPlatforms) = postSolution
		{1EE49978-832D-4462-821B-5CDDC9349BD9}.Debug|Any CPU.ActiveCfg = Debug|Any CPU
		{1EE49978-832D-4462-821B-5CDDC9349BD9}.Debug|Any CPU.Build.0 = Debug|Any CPU
		{1EE49978-832D-4462-821B-5CDDC9349BD9}.Release|Any CPU.ActiveCfg = Release|Any CPU
		{1EE49978-832D-4462-821B-5CDDC9349BD9}.Release|Any CPU.Build.0 = Release|Any CPU
	EndGlobalSection
	GlobalSection(SolutionProperties) = preSolution
		HideSolutionNode = FALSE
	EndGlobalSection
	GlobalSection(ExtensibilityGlobals) = postSolution
		SolutionGuid = {562F86EB-BE92-484D-8248-5FA7847D6887}
	EndGlobalSection
EndGlobal
